PODS:
  - Alamofire (4.8.1)
  - AlamofireImage (3.5.0):
    - Alamofire (~> 4.8)
  - SVProgressHUD (2.2.5)

DEPENDENCIES:
  - Alamofire (~> 4.0)
  - AlamofireImage (~> 3.5)
  - SVProgressHUD

SPEC REPOS:
  https://github.com/cocoapods/specs.git:
    - Alamofire
    - AlamofireImage
    - SVProgressHUD

SPEC CHECKSUMS:
  Alamofire: 16ce2c353fb72865124ddae8a57c5942388f4f11
  AlamofireImage: 1aea346f4dda2f6c67622fa5a89fcbb80d79cc16
  SVProgressHUD: 1428aafac632c1f86f62aa4243ec12008d7a51d6

PODFILE CHECKSUM: 26048c78fb64de265eaf0b434e5d19238b8a9263

COCOAPODS: 1.6.0.beta.2
